
Microsoft Visual Studio Solution File, Format Version 12.00
# Visual Studio Version 16
VisualStudioVersion = 16.0.31605.320
MinimumVisualStudioVersion = 10.0.40219.1
Project("{FAE04EC0-301F-11D3-BF4B-00C04F79EFBC}") = "SensorAppRepositoryLib", "SensorAppRepositoryLib.csproj", "{9F35F6C7-E192-47D7-A5C6-AE101826D954}"
EndProject
Project("{FAE04EC0-301F-11D3-BF4B-00C04F79EFBC}") = "SensorAppDAL", "..\SensorAppDAL\SensorAppDAL.csproj", "{A861B2DD-7061-424F-9302-9A8E453200B2}"
EndProject
Global
	GlobalSection(SolutionConfigurationPlatforms) = preSolution
		Debug|Any CPU = Debug|Any CPU
		Release|Any CPU = Release|Any CPU
	EndGlobalSection
	GlobalSection(ProjectConfigurationPlatforms) = postSolution
		{9F35F6C7-E192-47D7-A5C6-AE101826D954}.Debug|Any CPU.ActiveCfg = Debug|Any CPU
		{9F35F6C7-E192-47D7-A5C6-AE101826D954}.Debug|Any CPU.Build.0 = Debug|Any CPU
		{9F35F6C7-E192-47D7-A5C6-AE101826D954}.Release|Any CPU.ActiveCfg = Release|Any CPU
		{9F35F6C7-E192-47D7-A5C6-AE101826D954}.Release|Any CPU.Build.0 = Release|Any CPU
		{A861B2DD-7061-424F-9302-9A8E453200B2}.Debug|Any CPU.ActiveCfg = Debug|Any CPU
		{A861B2DD-7061-424F-9302-9A8E453200B2}.Debug|Any CPU.Build.0 = Debug|Any CPU
		{A861B2DD-7061-424F-9302-9A8E453200B2}.Release|Any CPU.ActiveCfg = Release|Any CPU
		{A861B2DD-7061-424F-9302-9A8E453200B2}.Release|Any CPU.Build.0 = Release|Any CPU
	EndGlobalSection
	GlobalSection(SolutionProperties) = preSolution
		HideSolutionNode = FALSE
	EndGlobalSection
	GlobalSection(ExtensibilityGlobals) = postSolution
		SolutionGuid = {44012A83-C0E4-4754-8933-57F8380FE5A9}
	EndGlobalSection
EndGlobal
