
Microsoft Visual Studio Solution File, Format Version 12.00
# Visual Studio Version 16
VisualStudioVersion = 16.0.31605.320
MinimumVisualStudioVersion = 10.0.40219.1
Project("{FAE04EC0-301F-11D3-BF4B-00C04F79EFBC}") = "ProducerConsumerEventWaitHandle", "ProducerConsumerEventWaitHandle.csproj", "{A9F1AE07-54C6-4400-9A3C-9F9E953E74FC}"
EndProject
Global
	GlobalSection(SolutionConfigurationPlatforms) = preSolution
		Debug|Any CPU = Debug|Any CPU
		Release|Any CPU = Release|Any CPU
	EndGlobalSection
	GlobalSection(ProjectConfigurationPlatforms) = postSolution
		{A9F1AE07-54C6-4400-9A3C-9F9E953E74FC}.Debug|Any CPU.ActiveCfg = Debug|Any CPU
		{A9F1AE07-54C6-4400-9A3C-9F9E953E74FC}.Debug|Any CPU.Build.0 = Debug|Any CPU
		{A9F1AE07-54C6-4400-9A3C-9F9E953E74FC}.Release|Any CPU.ActiveCfg = Release|Any CPU
		{A9F1AE07-54C6-4400-9A3C-9F9E953E74FC}.Release|Any CPU.Build.0 = Release|Any CPU
	EndGlobalSection
	GlobalSection(SolutionProperties) = preSolution
		HideSolutionNode = FALSE
	EndGlobalSection
	GlobalSection(ExtensibilityGlobals) = postSolution
		SolutionGuid = {7A9B38C9-2DC6-4E2C-9C0E-A100CE2A4EDE}
	EndGlobalSection
EndGlobal
