
Microsoft Visual Studio Solution File, Format Version 12.00
# Visual Studio Version 16
VisualStudioVersion = 16.0.31605.320
MinimumVisualStudioVersion = 10.0.40219.1
Project("{FAE04EC0-301F-11D3-BF4B-00C04F79EFBC}") = "SampleDataBinding", "SampleDataBinding.csproj", "{69E50BE1-7A69-465F-ACA1-65274C9E749A}"
EndProject
Global
	GlobalSection(SolutionConfigurationPlatforms) = preSolution
		Debug|Any CPU = Debug|Any CPU
		Release|Any CPU = Release|Any CPU
	EndGlobalSection
	GlobalSection(ProjectConfigurationPlatforms) = postSolution
		{69E50BE1-7A69-465F-ACA1-65274C9E749A}.Debug|Any CPU.ActiveCfg = Debug|Any CPU
		{69E50BE1-7A69-465F-ACA1-65274C9E749A}.Debug|Any CPU.Build.0 = Debug|Any CPU
		{69E50BE1-7A69-465F-ACA1-65274C9E749A}.Release|Any CPU.ActiveCfg = Release|Any CPU
		{69E50BE1-7A69-465F-ACA1-65274C9E749A}.Release|Any CPU.Build.0 = Release|Any CPU
	EndGlobalSection
	GlobalSection(SolutionProperties) = preSolution
		HideSolutionNode = FALSE
	EndGlobalSection
	GlobalSection(ExtensibilityGlobals) = postSolution
		SolutionGuid = {68F7A407-6314-4A97-AE97-2A09237CDFE0}
	EndGlobalSection
EndGlobal
