
Microsoft Visual Studio Solution File, Format Version 12.00
# Visual Studio Version 16
VisualStudioVersion = 16.0.31605.320
MinimumVisualStudioVersion = 10.0.40219.1
Project("{FAE04EC0-301F-11D3-BF4B-00C04F79EFBC}") = "RandomNumberGenerator", "RandomNumberGenerator.csproj", "{7C0838AD-85EF-4989-B08B-6B4A684CB1E5}"
EndProject
Global
	GlobalSection(SolutionConfigurationPlatforms) = preSolution
		Debug|Any CPU = Debug|Any CPU
		Release|Any CPU = Release|Any CPU
	EndGlobalSection
	GlobalSection(ProjectConfigurationPlatforms) = postSolution
		{7C0838AD-85EF-4989-B08B-6B4A684CB1E5}.Debug|Any CPU.ActiveCfg = Debug|Any CPU
		{7C0838AD-85EF-4989-B08B-6B4A684CB1E5}.Debug|Any CPU.Build.0 = Debug|Any CPU
		{7C0838AD-85EF-4989-B08B-6B4A684CB1E5}.Release|Any CPU.ActiveCfg = Release|Any CPU
		{7C0838AD-85EF-4989-B08B-6B4A684CB1E5}.Release|Any CPU.Build.0 = Release|Any CPU
	EndGlobalSection
	GlobalSection(SolutionProperties) = preSolution
		HideSolutionNode = FALSE
	EndGlobalSection
	GlobalSection(ExtensibilityGlobals) = postSolution
		SolutionGuid = {830F4D3E-B51B-455B-8FB0-AC4665890091}
	EndGlobalSection
EndGlobal
